// !$*UTF8*$!
{
	archiveVersion = 1;
	classes = {
	};
	objectVersion = 56;
	objects = {

/* Begin PBXBuildFile section */
		DAADE95D2C2B276B00B1FA5B /* BusTripApp.swift in Sources */ = {isa = PBXBuildFile; fileRef = DAADE95C2C2B276B00B1FA5B /* BusTripApp.swift */; };
		DAADE9662C2B276C00B1FA5B /* Assets.xcassets in Resources */ = {isa = PBXBuildFile; fileRef = DAADE9652C2B276C00B1FA5B /* Assets.xcassets */; };
		DAADE96A2C2B276C00B1FA5B /* Preview Assets.xcassets in Resources */ = {isa = PBXBuildFile; fileRef = DAADE9692C2B276C00B1FA5B /* Preview Assets.xcassets */; };
		DAADE9902C2BFC4000B1FA5B /* ServerTrip.swift in Sources */ = {isa = PBXBuildFile; fileRef = DAADE98F2C2BFC4000B1FA5B /* ServerTrip.swift */; };
		DAADE9922C2BFD6600B1FA5B /* ServerPoint.swift in Sources */ = {isa = PBXBuildFile; fileRef = DAADE9912C2BFD6600B1FA5B /* ServerPoint.swift */; };
		DAADE9942C2BFE1F00B1FA5B /* ServerStop.swift in Sources */ = {isa = PBXBuildFile; fileRef = DAADE9932C2BFE1F00B1FA5B /* ServerStop.swift */; };
		DAADE9962C2BFEA100B1FA5B /* ServerAddress.swift in Sources */ = {isa = PBXBuildFile; fileRef = DAADE9952C2BFEA100B1FA5B /* ServerAddress.swift */; };
		DAADE9982C2C018E00B1FA5B /* Address.swift in Sources */ = {isa = PBXBuildFile; fileRef = DAADE9972C2C018E00B1FA5B /* Address.swift */; };
		DAADE99A2C2C025D00B1FA5B /* Stop.swift in Sources */ = {isa = PBXBuildFile; fileRef = DAADE9992C2C025D00B1FA5B /* Stop.swift */; };
		DAADE99C2C2C02B900B1FA5B /* Trip.swift in Sources */ = {isa = PBXBuildFile; fileRef = DAADE99B2C2C02B900B1FA5B /* Trip.swift */; };
		DAADE99F2C2C033200B1FA5B /* Status.swift in Sources */ = {isa = PBXBuildFile; fileRef = DAADE99E2C2C033200B1FA5B /* Status.swift */; };
		DAADE9A52C2C062600B1FA5B /* PointMock.swift in Sources */ = {isa = PBXBuildFile; fileRef = DAADE9A42C2C062600B1FA5B /* PointMock.swift */; };
		DAADE9A72C2C071100B1FA5B /* StopMock.swift in Sources */ = {isa = PBXBuildFile; fileRef = DAADE9A62C2C071100B1FA5B /* StopMock.swift */; };
		DAADE9A92C2C083000B1FA5B /* AddressMock.swift in Sources */ = {isa = PBXBuildFile; fileRef = DAADE9A82C2C083000B1FA5B /* AddressMock.swift */; };
		DAADE9AB2C2C08F900B1FA5B /* TripMock.swift in Sources */ = {isa = PBXBuildFile; fileRef = DAADE9AA2C2C08F900B1FA5B /* TripMock.swift */; };
		DAADE9AF2C2C0DE000B1FA5B /* ServerAddressUnitTests.swift in Sources */ = {isa = PBXBuildFile; fileRef = DAADE9AE2C2C0DE000B1FA5B /* ServerAddressUnitTests.swift */; };
		DAADE9B12C2C171B00B1FA5B /* ServerPointUnitTests.swift in Sources */ = {isa = PBXBuildFile; fileRef = DAADE9B02C2C171B00B1FA5B /* ServerPointUnitTests.swift */; };
		DAADE9B32C2C188A00B1FA5B /* ServerStopUnitTests.swift in Sources */ = {isa = PBXBuildFile; fileRef = DAADE9B22C2C188A00B1FA5B /* ServerStopUnitTests.swift */; };
		DAADE9B52C2C192900B1FA5B /* ServerTripUnitTests.swift in Sources */ = {isa = PBXBuildFile; fileRef = DAADE9B42C2C192900B1FA5B /* ServerTripUnitTests.swift */; };
		DAADE9B72C2C1B0A00B1FA5B /* AddressUnitTests.swift in Sources */ = {isa = PBXBuildFile; fileRef = DAADE9B62C2C1B0A00B1FA5B /* AddressUnitTests.swift */; };
		DAADE9B92C2C1BA100B1FA5B /* StopUnitTests.swift in Sources */ = {isa = PBXBuildFile; fileRef = DAADE9B82C2C1BA100B1FA5B /* StopUnitTests.swift */; };
		DAADE9BB2C2C1C1C00B1FA5B /* TripUnitTests.swift in Sources */ = {isa = PBXBuildFile; fileRef = DAADE9BA2C2C1C1C00B1FA5B /* TripUnitTests.swift */; };
		DAADE9BE2C2C25B300B1FA5B /* TripRepository.swift in Sources */ = {isa = PBXBuildFile; fileRef = DAADE9BD2C2C25B300B1FA5B /* TripRepository.swift */; };
		DAADE9C02C2C25F500B1FA5B /* RemoteTripDataSource.swift in Sources */ = {isa = PBXBuildFile; fileRef = DAADE9BF2C2C25F500B1FA5B /* RemoteTripDataSource.swift */; };
		DAADE9C32C2C27C100B1FA5B /* NetworkManager.swift in Sources */ = {isa = PBXBuildFile; fileRef = DAADE9C22C2C27C100B1FA5B /* NetworkManager.swift */; };
		DAADE9C52C2C282600B1FA5B /* NetworkError.swift in Sources */ = {isa = PBXBuildFile; fileRef = DAADE9C42C2C282600B1FA5B /* NetworkError.swift */; };
		DAADE9C72C2C288800B1FA5B /* Constants.swift in Sources */ = {isa = PBXBuildFile; fileRef = DAADE9C62C2C288800B1FA5B /* Constants.swift */; };
		DAADE9C92C2C292400B1FA5B /* TripRepositoryImplementation.swift in Sources */ = {isa = PBXBuildFile; fileRef = DAADE9C82C2C292400B1FA5B /* TripRepositoryImplementation.swift */; };
		DAADE9CB2C2C2A3700B1FA5B /* URLProtocolMock.swift in Sources */ = {isa = PBXBuildFile; fileRef = DAADE9CA2C2C2A3700B1FA5B /* URLProtocolMock.swift */; };
		DAADE9D02C2C2A7C00B1FA5B /* RemoteTripDataSourceUnitTests.swift in Sources */ = {isa = PBXBuildFile; fileRef = DAADE9CF2C2C2A7C00B1FA5B /* RemoteTripDataSourceUnitTests.swift */; };
		DAADE9D22C2C4BA500B1FA5B /* TripRepositoryImplementationUnitTests.swift in Sources */ = {isa = PBXBuildFile; fileRef = DAADE9D12C2C4BA500B1FA5B /* TripRepositoryImplementationUnitTests.swift */; };
		DAADE9D52C2C55FF00B1FA5B /* GetTripsUseCase.swift in Sources */ = {isa = PBXBuildFile; fileRef = DAADE9D42C2C55FE00B1FA5B /* GetTripsUseCase.swift */; };
		DAADE9D72C2C565D00B1FA5B /* MockTripRepository.swift in Sources */ = {isa = PBXBuildFile; fileRef = DAADE9D62C2C565D00B1FA5B /* MockTripRepository.swift */; };
		DAADE9DA2C2C56C800B1FA5B /* GetTripsUseCaseImplementationUnitTests.swift in Sources */ = {isa = PBXBuildFile; fileRef = DAADE9D92C2C56C800B1FA5B /* GetTripsUseCaseImplementationUnitTests.swift */; };
		DAADE9DE2C2C579C00B1FA5B /* TripListView.swift in Sources */ = {isa = PBXBuildFile; fileRef = DAADE9DD2C2C579C00B1FA5B /* TripListView.swift */; };
		DAADE9E22C2C592100B1FA5B /* AppBackground.swift in Sources */ = {isa = PBXBuildFile; fileRef = DAADE9E12C2C592100B1FA5B /* AppBackground.swift */; };
		DAADE9E42C2C594F00B1FA5B /* PreviewView.swift in Sources */ = {isa = PBXBuildFile; fileRef = DAADE9E32C2C594F00B1FA5B /* PreviewView.swift */; };
		DAADE9E62C2C5D7000B1FA5B /* TripListViewModel.swift in Sources */ = {isa = PBXBuildFile; fileRef = DAADE9E52C2C5D7000B1FA5B /* TripListViewModel.swift */; };
		DAADE9EA2C2C6A2B00B1FA5B /* TripCardView.swift in Sources */ = {isa = PBXBuildFile; fileRef = DAADE9E92C2C6A2B00B1FA5B /* TripCardView.swift */; };
		DAADE9ED2C2C6FB400B1FA5B /* DateFormatter+BusTrip.swift in Sources */ = {isa = PBXBuildFile; fileRef = DAADE9EC2C2C6FB400B1FA5B /* DateFormatter+BusTrip.swift */; };
		DAADE9EF2C2CB86F00B1FA5B /* RoundedCornerShape.swift in Sources */ = {isa = PBXBuildFile; fileRef = DAADE9EE2C2CB86F00B1FA5B /* RoundedCornerShape.swift */; };
		DAADE9F22C2D5B1700B1FA5B /* PreviewSnapshots in Frameworks */ = {isa = PBXBuildFile; productRef = DAADE9F12C2D5B1700B1FA5B /* PreviewSnapshots */; };
		DAADEA002C2D940800B1FA5B /* PreviewSnapshotTests.swift in Sources */ = {isa = PBXBuildFile; fileRef = DAADE9FF2C2D940800B1FA5B /* PreviewSnapshotTests.swift */; };
		DAADEA032C2D944A00B1FA5B /* PreviewSnapshotsTesting in Frameworks */ = {isa = PBXBuildFile; productRef = DAADEA022C2D944A00B1FA5B /* PreviewSnapshotsTesting */; };
		DAADEA052C2D955200B1FA5B /* TripCardViewSnapshotTests.swift in Sources */ = {isa = PBXBuildFile; fileRef = DAADEA042C2D955200B1FA5B /* TripCardViewSnapshotTests.swift */; };
		DAAEEF062C2DB8FE00181ECD /* TripListViewModelUnitTests.swift in Sources */ = {isa = PBXBuildFile; fileRef = DAAEEF052C2DB8FE00181ECD /* TripListViewModelUnitTests.swift */; };
		DAAEEF1D2C2F10ED00181ECD /* ReportViewModel.swift in Sources */ = {isa = PBXBuildFile; fileRef = DAAEEF1C2C2F10ED00181ECD /* ReportViewModel.swift */; };
		DAAEEF1F2C2F125500181ECD /* String+BusTrip.swift in Sources */ = {isa = PBXBuildFile; fileRef = DAAEEF1E2C2F125500181ECD /* String+BusTrip.swift */; };
		DAAEEF232C2FF9A200181ECD /* Model.xcdatamodeld in Sources */ = {isa = PBXBuildFile; fileRef = DAAEEF212C2FF9A200181ECD /* Model.xcdatamodeld */; };
		DAAEEF252C2FFA6500181ECD /* CoreDataStack.swift in Sources */ = {isa = PBXBuildFile; fileRef = DAAEEF242C2FFA6500181ECD /* CoreDataStack.swift */; };
		DAAEEF272C2FFA9900181ECD /* Persistence.swift in Sources */ = {isa = PBXBuildFile; fileRef = DAAEEF262C2FFA9900181ECD /* Persistence.swift */; };
		DAAEEF292C2FFABF00181ECD /* Report.swift in Sources */ = {isa = PBXBuildFile; fileRef = DAAEEF282C2FFABF00181ECD /* Report.swift */; };
		DAAEEF2C2C2FFB2800181ECD /* DBReport.swift in Sources */ = {isa = PBXBuildFile; fileRef = DAAEEF2B2C2FFB2800181ECD /* DBReport.swift */; };
		DAAEEF2E2C2FFBD800181ECD /* DBManager.swift in Sources */ = {isa = PBXBuildFile; fileRef = DAAEEF2D2C2FFBD800181ECD /* DBManager.swift */; };
		DAAEEF312C2FFE0000181ECD /* TestCoreDataStack.swift in Sources */ = {isa = PBXBuildFile; fileRef = DAAEEF302C2FFE0000181ECD /* TestCoreDataStack.swift */; };
		DAAEEF332C2FFE3B00181ECD /* DBManagerUnitTests.swift in Sources */ = {isa = PBXBuildFile; fileRef = DAAEEF322C2FFE3B00181ECD /* DBManagerUnitTests.swift */; };
		DAAEEF352C2FFF6D00181ECD /* ReportMock.swift in Sources */ = {isa = PBXBuildFile; fileRef = DAAEEF342C2FFF6D00181ECD /* ReportMock.swift */; };
		DAAEEF372C30004D00181ECD /* ReportUnitTests.swift in Sources */ = {isa = PBXBuildFile; fileRef = DAAEEF362C30004D00181ECD /* ReportUnitTests.swift */; };
		DAAEEF3A2C30010B00181ECD /* DBPhoneUnitTests.swift in Sources */ = {isa = PBXBuildFile; fileRef = DAAEEF392C30010B00181ECD /* DBPhoneUnitTests.swift */; };
		DAAEEF3C2C30035D00181ECD /* LocalDataSource.swift in Sources */ = {isa = PBXBuildFile; fileRef = DAAEEF3B2C30035D00181ECD /* LocalDataSource.swift */; };
		DAAEEF3E2C3003FA00181ECD /* SaveReportUseCase.swift in Sources */ = {isa = PBXBuildFile; fileRef = DAAEEF3D2C3003FA00181ECD /* SaveReportUseCase.swift */; };
		DAAEEF402C30045700181ECD /* SaveReportUseCaseImplementationUnitTests.swift in Sources */ = {isa = PBXBuildFile; fileRef = DAAEEF3F2C30045700181ECD /* SaveReportUseCaseImplementationUnitTests.swift */; };
		DAAEEF422C30086F00181ECD /* GetReportsUseCase.swift in Sources */ = {isa = PBXBuildFile; fileRef = DAAEEF412C30086F00181ECD /* GetReportsUseCase.swift */; };
		DAAEEF442C30092300181ECD /* GetReportsUseCaseImplementationUnitTests.swift in Sources */ = {isa = PBXBuildFile; fileRef = DAAEEF432C30092300181ECD /* GetReportsUseCaseImplementationUnitTests.swift */; };
		DAAEEF462C300B2000181ECD /* ReportView.swift in Sources */ = {isa = PBXBuildFile; fileRef = DAAEEF452C300B2000181ECD /* ReportView.swift */; };
		DAAEEF4A2C30107300181ECD /* ReportTextField.swift in Sources */ = {isa = PBXBuildFile; fileRef = DAAEEF492C30107300181ECD /* ReportTextField.swift */; };
		DAAEEF4C2C30189F00181ECD /* ReportTextFieldMultiline.swift in Sources */ = {isa = PBXBuildFile; fileRef = DAAEEF4B2C30189F00181ECD /* ReportTextFieldMultiline.swift */; };
		DAAEEF4E2C30226300181ECD /* ReportDatePicker.swift in Sources */ = {isa = PBXBuildFile; fileRef = DAAEEF4D2C30226300181ECD /* ReportDatePicker.swift */; };
		DAAEEF542C31C2B600181ECD /* ReportTextFieldSnapshotTests.swift in Sources */ = {isa = PBXBuildFile; fileRef = DAAEEF532C31C2B600181ECD /* ReportTextFieldSnapshotTests.swift */; };
		DAAEEF562C31C2C400181ECD /* ReportTextFieldMultilineSnapshotTests.swift in Sources */ = {isa = PBXBuildFile; fileRef = DAAEEF552C31C2C400181ECD /* ReportTextFieldMultilineSnapshotTests.swift */; };
		DAAEEF582C31C2D200181ECD /* ReportDatePickerSnapshotTests.swift in Sources */ = {isa = PBXBuildFile; fileRef = DAAEEF572C31C2D200181ECD /* ReportDatePickerSnapshotTests.swift */; };
		DAAEEF5B2C31C4D500181ECD /* ReportViewModelUnitTests.swift in Sources */ = {isa = PBXBuildFile; fileRef = DAAEEF5A2C31C4D500181ECD /* ReportViewModelUnitTests.swift */; };
		DAAEEF5F2C31CBE200181ECD /* StopDetail.swift in Sources */ = {isa = PBXBuildFile; fileRef = DAAEEF5E2C31CBE200181ECD /* StopDetail.swift */; };
		DAAEEF612C31CBF200181ECD /* ServerStopDetail.swift in Sources */ = {isa = PBXBuildFile; fileRef = DAAEEF602C31CBF200181ECD /* ServerStopDetail.swift */; };
		DAAEEF632C31CC0900181ECD /* GetStopDetailUseCase.swift in Sources */ = {isa = PBXBuildFile; fileRef = DAAEEF622C31CC0900181ECD /* GetStopDetailUseCase.swift */; };
		DAAEEF652C31CC2400181ECD /* EmptyDataView.swift in Sources */ = {isa = PBXBuildFile; fileRef = DAAEEF642C31CC2400181ECD /* EmptyDataView.swift */; };
		DAAEEF692C31E16800181ECD /* StopInfoView.swift in Sources */ = {isa = PBXBuildFile; fileRef = DAAEEF682C31E16800181ECD /* StopInfoView.swift */; };
		DAAEEF6B2C31E38800181ECD /* StopInfoViewSnapshotTests.swift in Sources */ = {isa = PBXBuildFile; fileRef = DAAEEF6A2C31E38800181ECD /* StopInfoViewSnapshotTests.swift */; };
		DAAEEF6D2C31E4DE00181ECD /* GetStopDetailUseCaseImplementationUnitTests.swift in Sources */ = {isa = PBXBuildFile; fileRef = DAAEEF6C2C31E4DE00181ECD /* GetStopDetailUseCaseImplementationUnitTests.swift */; };
		DAAEEF6F2C32A30A00181ECD /* Polyline in Frameworks */ = {isa = PBXBuildFile; productRef = DAAEEF6E2C32A30A00181ECD /* Polyline */; };
		DAAEEF712C32B83C00181ECD /* ReportViewSnapshotTests.swift in Sources */ = {isa = PBXBuildFile; fileRef = DAAEEF702C32B83C00181ECD /* ReportViewSnapshotTests.swift */; };
		DACB36B92C45594600BC6264 /* GetTripsUseCaseImplementation.swift in Sources */ = {isa = PBXBuildFile; fileRef = DACB36B82C45594600BC6264 /* GetTripsUseCaseImplementation.swift */; };
		DACB36BB2C4559E700BC6264 /* GetStopDetailUseCaseImplementation.swift in Sources */ = {isa = PBXBuildFile; fileRef = DACB36BA2C4559E700BC6264 /* GetStopDetailUseCaseImplementation.swift */; };
		DACB36BD2C455A7000BC6264 /* MockGetTripsUseCase.swift in Sources */ = {isa = PBXBuildFile; fileRef = DACB36BC2C455A7000BC6264 /* MockGetTripsUseCase.swift */; };
		DACB36BF2C455ACC00BC6264 /* MockGetStopDetailUseCase.swift in Sources */ = {isa = PBXBuildFile; fileRef = DACB36BE2C455ACC00BC6264 /* MockGetStopDetailUseCase.swift */; };
		DACB36C12C455CF500BC6264 /* SaveReportUseCaseImplementation.swift in Sources */ = {isa = PBXBuildFile; fileRef = DACB36C02C455CF500BC6264 /* SaveReportUseCaseImplementation.swift */; };
		DACB36C32C455D3500BC6264 /* GetReportsUseCaseImplementation.swift in Sources */ = {isa = PBXBuildFile; fileRef = DACB36C22C455D3500BC6264 /* GetReportsUseCaseImplementation.swift */; };
		DACB36C52C455DF800BC6264 /* MockSaveReportUseCase.swift in Sources */ = {isa = PBXBuildFile; fileRef = DACB36C42C455DF800BC6264 /* MockSaveReportUseCase.swift */; };
		DACB36C72C455E3100BC6264 /* MockGetReportsUseCase.swift in Sources */ = {isa = PBXBuildFile; fileRef = DACB36C62C455E3100BC6264 /* MockGetReportsUseCase.swift */; };
/* End PBXBuildFile section */

/* Begin PBXContainerItemProxy section */
		DAADE9702C2B276C00B1FA5B /* PBXContainerItemProxy */ = {
			isa = PBXContainerItemProxy;
			containerPortal = DAADE9512C2B276B00B1FA5B /* Project object */;
			proxyType = 1;
			remoteGlobalIDString = DAADE9582C2B276B00B1FA5B;
			remoteInfo = BusTrip;
		};
/* End PBXContainerItemProxy section */

/* Begin PBXFileReference section */
		DAADE9592C2B276B00B1FA5B /* BusTrip.app */ = {isa = PBXFileReference; explicitFileType = wrapper.application; includeInIndex = 0; path = BusTrip.app; sourceTree = BUILT_PRODUCTS_DIR; };
		DAADE95C2C2B276B00B1FA5B /* BusTripApp.swift */ = {isa = PBXFileReference; lastKnownFileType = sourcecode.swift; path = BusTripApp.swift; sourceTree = "<group>"; };
		DAADE9652C2B276C00B1FA5B /* Assets.xcassets */ = {isa = PBXFileReference; lastKnownFileType = folder.assetcatalog; path = Assets.xcassets; sourceTree = "<group>"; };
		DAADE9672C2B276C00B1FA5B /* BusTrip.entitlements */ = {isa = PBXFileReference; lastKnownFileType = text.plist.entitlements; path = BusTrip.entitlements; sourceTree = "<group>"; };
		DAADE9692C2B276C00B1FA5B /* Preview Assets.xcassets */ = {isa = PBXFileReference; lastKnownFileType = folder.assetcatalog; path = "Preview Assets.xcassets"; sourceTree = "<group>"; };
		DAADE96F2C2B276C00B1FA5B /* BusTripTests.xctest */ = {isa = PBXFileReference; explicitFileType = wrapper.cfbundle; includeInIndex = 0; path = BusTripTests.xctest; sourceTree = BUILT_PRODUCTS_DIR; };
		DAADE98F2C2BFC4000B1FA5B /* ServerTrip.swift */ = {isa = PBXFileReference; lastKnownFileType = sourcecode.swift; path = ServerTrip.swift; sourceTree = "<group>"; };
		DAADE9912C2BFD6600B1FA5B /* ServerPoint.swift */ = {isa = PBXFileReference; lastKnownFileType = sourcecode.swift; path = ServerPoint.swift; sourceTree = "<group>"; };
		DAADE9932C2BFE1F00B1FA5B /* ServerStop.swift */ = {isa = PBXFileReference; lastKnownFileType = sourcecode.swift; path = ServerStop.swift; sourceTree = "<group>"; };
		DAADE9952C2BFEA100B1FA5B /* ServerAddress.swift */ = {isa = PBXFileReference; lastKnownFileType = sourcecode.swift; path = ServerAddress.swift; sourceTree = "<group>"; };
		DAADE9972C2C018E00B1FA5B /* Address.swift */ = {isa = PBXFileReference; lastKnownFileType = sourcecode.swift; path = Address.swift; sourceTree = "<group>"; };
		DAADE9992C2C025D00B1FA5B /* Stop.swift */ = {isa = PBXFileReference; lastKnownFileType = sourcecode.swift; path = Stop.swift; sourceTree = "<group>"; };
		DAADE99B2C2C02B900B1FA5B /* Trip.swift */ = {isa = PBXFileReference; lastKnownFileType = sourcecode.swift; path = Trip.swift; sourceTree = "<group>"; };
		DAADE99E2C2C033200B1FA5B /* Status.swift */ = {isa = PBXFileReference; lastKnownFileType = sourcecode.swift; path = Status.swift; sourceTree = "<group>"; };
		DAADE9A42C2C062600B1FA5B /* PointMock.swift */ = {isa = PBXFileReference; lastKnownFileType = sourcecode.swift; path = PointMock.swift; sourceTree = "<group>"; };
		DAADE9A62C2C071100B1FA5B /* StopMock.swift */ = {isa = PBXFileReference; lastKnownFileType = sourcecode.swift; path = StopMock.swift; sourceTree = "<group>"; };
		DAADE9A82C2C083000B1FA5B /* AddressMock.swift */ = {isa = PBXFileReference; lastKnownFileType = sourcecode.swift; path = AddressMock.swift; sourceTree = "<group>"; };
		DAADE9AA2C2C08F900B1FA5B /* TripMock.swift */ = {isa = PBXFileReference; lastKnownFileType = sourcecode.swift; path = TripMock.swift; sourceTree = "<group>"; };
		DAADE9AE2C2C0DE000B1FA5B /* ServerAddressUnitTests.swift */ = {isa = PBXFileReference; lastKnownFileType = sourcecode.swift; path = ServerAddressUnitTests.swift; sourceTree = "<group>"; };
		DAADE9B02C2C171B00B1FA5B /* ServerPointUnitTests.swift */ = {isa = PBXFileReference; lastKnownFileType = sourcecode.swift; path = ServerPointUnitTests.swift; sourceTree = "<group>"; };
		DAADE9B22C2C188A00B1FA5B /* ServerStopUnitTests.swift */ = {isa = PBXFileReference; lastKnownFileType = sourcecode.swift; path = ServerStopUnitTests.swift; sourceTree = "<group>"; };
		DAADE9B42C2C192900B1FA5B /* ServerTripUnitTests.swift */ = {isa = PBXFileReference; lastKnownFileType = sourcecode.swift; path = ServerTripUnitTests.swift; sourceTree = "<group>"; };
		DAADE9B62C2C1B0A00B1FA5B /* AddressUnitTests.swift */ = {isa = PBXFileReference; lastKnownFileType = sourcecode.swift; path = AddressUnitTests.swift; sourceTree = "<group>"; };
		DAADE9B82C2C1BA100B1FA5B /* StopUnitTests.swift */ = {isa = PBXFileReference; lastKnownFileType = sourcecode.swift; path = StopUnitTests.swift; sourceTree = "<group>"; };
		DAADE9BA2C2C1C1C00B1FA5B /* TripUnitTests.swift */ = {isa = PBXFileReference; lastKnownFileType = sourcecode.swift; path = TripUnitTests.swift; sourceTree = "<group>"; };
		DAADE9BD2C2C25B300B1FA5B /* TripRepository.swift */ = {isa = PBXFileReference; lastKnownFileType = sourcecode.swift; path = TripRepository.swift; sourceTree = "<group>"; };
		DAADE9BF2C2C25F500B1FA5B /* RemoteTripDataSource.swift */ = {isa = PBXFileReference; lastKnownFileType = sourcecode.swift; path = RemoteTripDataSource.swift; sourceTree = "<group>"; };
		DAADE9C22C2C27C100B1FA5B /* NetworkManager.swift */ = {isa = PBXFileReference; lastKnownFileType = sourcecode.swift; path = NetworkManager.swift; sourceTree = "<group>"; };
		DAADE9C42C2C282600B1FA5B /* NetworkError.swift */ = {isa = PBXFileReference; lastKnownFileType = sourcecode.swift; path = NetworkError.swift; sourceTree = "<group>"; };
		DAADE9C62C2C288800B1FA5B /* Constants.swift */ = {isa = PBXFileReference; lastKnownFileType = sourcecode.swift; path = Constants.swift; sourceTree = "<group>"; };
		DAADE9C82C2C292400B1FA5B /* TripRepositoryImplementation.swift */ = {isa = PBXFileReference; lastKnownFileType = sourcecode.swift; path = TripRepositoryImplementation.swift; sourceTree = "<group>"; };
		DAADE9CA2C2C2A3700B1FA5B /* URLProtocolMock.swift */ = {isa = PBXFileReference; lastKnownFileType = sourcecode.swift; path = URLProtocolMock.swift; sourceTree = "<group>"; };
		DAADE9CF2C2C2A7C00B1FA5B /* RemoteTripDataSourceUnitTests.swift */ = {isa = PBXFileReference; lastKnownFileType = sourcecode.swift; path = RemoteTripDataSourceUnitTests.swift; sourceTree = "<group>"; };
		DAADE9D12C2C4BA500B1FA5B /* TripRepositoryImplementationUnitTests.swift */ = {isa = PBXFileReference; lastKnownFileType = sourcecode.swift; path = TripRepositoryImplementationUnitTests.swift; sourceTree = "<group>"; };
		DAADE9D42C2C55FE00B1FA5B /* GetTripsUseCase.swift */ = {isa = PBXFileReference; lastKnownFileType = sourcecode.swift; path = GetTripsUseCase.swift; sourceTree = "<group>"; };
		DAADE9D62C2C565D00B1FA5B /* MockTripRepository.swift */ = {isa = PBXFileReference; lastKnownFileType = sourcecode.swift; path = MockTripRepository.swift; sourceTree = "<group>"; };
		DAADE9D92C2C56C800B1FA5B /* GetTripsUseCaseImplementationUnitTests.swift */ = {isa = PBXFileReference; lastKnownFileType = sourcecode.swift; path = GetTripsUseCaseImplementationUnitTests.swift; sourceTree = "<group>"; };
		DAADE9DD2C2C579C00B1FA5B /* TripListView.swift */ = {isa = PBXFileReference; lastKnownFileType = sourcecode.swift; path = TripListView.swift; sourceTree = "<group>"; };
		DAADE9E12C2C592100B1FA5B /* AppBackground.swift */ = {isa = PBXFileReference; lastKnownFileType = sourcecode.swift; path = AppBackground.swift; sourceTree = "<group>"; };
		DAADE9E32C2C594F00B1FA5B /* PreviewView.swift */ = {isa = PBXFileReference; lastKnownFileType = sourcecode.swift; path = PreviewView.swift; sourceTree = "<group>"; };
		DAADE9E52C2C5D7000B1FA5B /* TripListViewModel.swift */ = {isa = PBXFileReference; lastKnownFileType = sourcecode.swift; path = TripListViewModel.swift; sourceTree = "<group>"; };
		DAADE9E92C2C6A2B00B1FA5B /* TripCardView.swift */ = {isa = PBXFileReference; lastKnownFileType = sourcecode.swift; path = TripCardView.swift; sourceTree = "<group>"; };
		DAADE9EC2C2C6FB400B1FA5B /* DateFormatter+BusTrip.swift */ = {isa = PBXFileReference; lastKnownFileType = sourcecode.swift; path = "DateFormatter+BusTrip.swift"; sourceTree = "<group>"; };
		DAADE9EE2C2CB86F00B1FA5B /* RoundedCornerShape.swift */ = {isa = PBXFileReference; lastKnownFileType = sourcecode.swift; path = RoundedCornerShape.swift; sourceTree = "<group>"; };
		DAADE9FF2C2D940800B1FA5B /* PreviewSnapshotTests.swift */ = {isa = PBXFileReference; fileEncoding = 4; lastKnownFileType = sourcecode.swift; path = PreviewSnapshotTests.swift; sourceTree = "<group>"; };
		DAADEA042C2D955200B1FA5B /* TripCardViewSnapshotTests.swift */ = {isa = PBXFileReference; lastKnownFileType = sourcecode.swift; path = TripCardViewSnapshotTests.swift; sourceTree = "<group>"; };
		DAAEEF052C2DB8FE00181ECD /* TripListViewModelUnitTests.swift */ = {isa = PBXFileReference; lastKnownFileType = sourcecode.swift; path = TripListViewModelUnitTests.swift; sourceTree = "<group>"; };
		DAAEEF1C2C2F10ED00181ECD /* ReportViewModel.swift */ = {isa = PBXFileReference; lastKnownFileType = sourcecode.swift; path = ReportViewModel.swift; sourceTree = "<group>"; };
		DAAEEF1E2C2F125500181ECD /* String+BusTrip.swift */ = {isa = PBXFileReference; lastKnownFileType = sourcecode.swift; path = "String+BusTrip.swift"; sourceTree = "<group>"; };
		DAAEEF222C2FF9A200181ECD /* Model.xcdatamodel */ = {isa = PBXFileReference; lastKnownFileType = wrapper.xcdatamodel; path = Model.xcdatamodel; sourceTree = "<group>"; };
		DAAEEF242C2FFA6500181ECD /* CoreDataStack.swift */ = {isa = PBXFileReference; lastKnownFileType = sourcecode.swift; path = CoreDataStack.swift; sourceTree = "<group>"; };
		DAAEEF262C2FFA9900181ECD /* Persistence.swift */ = {isa = PBXFileReference; lastKnownFileType = sourcecode.swift; path = Persistence.swift; sourceTree = "<group>"; };
		DAAEEF282C2FFABF00181ECD /* Report.swift */ = {isa = PBXFileReference; lastKnownFileType = sourcecode.swift; path = Report.swift; sourceTree = "<group>"; };
		DAAEEF2B2C2FFB2800181ECD /* DBReport.swift */ = {isa = PBXFileReference; lastKnownFileType = sourcecode.swift; path = DBReport.swift; sourceTree = "<group>"; };
		DAAEEF2D2C2FFBD800181ECD /* DBManager.swift */ = {isa = PBXFileReference; lastKnownFileType = sourcecode.swift; path = DBManager.swift; sourceTree = "<group>"; };
		DAAEEF302C2FFE0000181ECD /* TestCoreDataStack.swift */ = {isa = PBXFileReference; lastKnownFileType = sourcecode.swift; path = TestCoreDataStack.swift; sourceTree = "<group>"; };
		DAAEEF322C2FFE3B00181ECD /* DBManagerUnitTests.swift */ = {isa = PBXFileReference; lastKnownFileType = sourcecode.swift; path = DBManagerUnitTests.swift; sourceTree = "<group>"; };
		DAAEEF342C2FFF6D00181ECD /* ReportMock.swift */ = {isa = PBXFileReference; lastKnownFileType = sourcecode.swift; path = ReportMock.swift; sourceTree = "<group>"; };
		DAAEEF362C30004D00181ECD /* ReportUnitTests.swift */ = {isa = PBXFileReference; lastKnownFileType = sourcecode.swift; path = ReportUnitTests.swift; sourceTree = "<group>"; };
		DAAEEF392C30010B00181ECD /* DBPhoneUnitTests.swift */ = {isa = PBXFileReference; lastKnownFileType = sourcecode.swift; path = DBPhoneUnitTests.swift; sourceTree = "<group>"; };
		DAAEEF3B2C30035D00181ECD /* LocalDataSource.swift */ = {isa = PBXFileReference; lastKnownFileType = sourcecode.swift; path = LocalDataSource.swift; sourceTree = "<group>"; };
		DAAEEF3D2C3003FA00181ECD /* SaveReportUseCase.swift */ = {isa = PBXFileReference; lastKnownFileType = sourcecode.swift; path = SaveReportUseCase.swift; sourceTree = "<group>"; };
		DAAEEF3F2C30045700181ECD /* SaveReportUseCaseImplementationUnitTests.swift */ = {isa = PBXFileReference; lastKnownFileType = sourcecode.swift; path = SaveReportUseCaseImplementationUnitTests.swift; sourceTree = "<group>"; };
		DAAEEF412C30086F00181ECD /* GetReportsUseCase.swift */ = {isa = PBXFileReference; lastKnownFileType = sourcecode.swift; path = GetReportsUseCase.swift; sourceTree = "<group>"; };
		DAAEEF432C30092300181ECD /* GetReportsUseCaseImplementationUnitTests.swift */ = {isa = PBXFileReference; lastKnownFileType = sourcecode.swift; path = GetReportsUseCaseImplementationUnitTests.swift; sourceTree = "<group>"; };
		DAAEEF452C300B2000181ECD /* ReportView.swift */ = {isa = PBXFileReference; lastKnownFileType = sourcecode.swift; path = ReportView.swift; sourceTree = "<group>"; };
		DAAEEF492C30107300181ECD /* ReportTextField.swift */ = {isa = PBXFileReference; lastKnownFileType = sourcecode.swift; path = ReportTextField.swift; sourceTree = "<group>"; };
		DAAEEF4B2C30189F00181ECD /* ReportTextFieldMultiline.swift */ = {isa = PBXFileReference; lastKnownFileType = sourcecode.swift; path = ReportTextFieldMultiline.swift; sourceTree = "<group>"; };
		DAAEEF4D2C30226300181ECD /* ReportDatePicker.swift */ = {isa = PBXFileReference; lastKnownFileType = sourcecode.swift; path = ReportDatePicker.swift; sourceTree = "<group>"; };
		DAAEEF532C31C2B600181ECD /* ReportTextFieldSnapshotTests.swift */ = {isa = PBXFileReference; lastKnownFileType = sourcecode.swift; path = ReportTextFieldSnapshotTests.swift; sourceTree = "<group>"; };
		DAAEEF552C31C2C400181ECD /* ReportTextFieldMultilineSnapshotTests.swift */ = {isa = PBXFileReference; lastKnownFileType = sourcecode.swift; path = ReportTextFieldMultilineSnapshotTests.swift; sourceTree = "<group>"; };
		DAAEEF572C31C2D200181ECD /* ReportDatePickerSnapshotTests.swift */ = {isa = PBXFileReference; lastKnownFileType = sourcecode.swift; path = ReportDatePickerSnapshotTests.swift; sourceTree = "<group>"; };
		DAAEEF5A2C31C4D500181ECD /* ReportViewModelUnitTests.swift */ = {isa = PBXFileReference; lastKnownFileType = sourcecode.swift; path = ReportViewModelUnitTests.swift; sourceTree = "<group>"; };
		DAAEEF5E2C31CBE200181ECD /* StopDetail.swift */ = {isa = PBXFileReference; fileEncoding = 4; lastKnownFileType = sourcecode.swift; path = StopDetail.swift; sourceTree = "<group>"; };
		DAAEEF602C31CBF200181ECD /* ServerStopDetail.swift */ = {isa = PBXFileReference; fileEncoding = 4; lastKnownFileType = sourcecode.swift; path = ServerStopDetail.swift; sourceTree = "<group>"; };
		DAAEEF622C31CC0900181ECD /* GetStopDetailUseCase.swift */ = {isa = PBXFileReference; fileEncoding = 4; lastKnownFileType = sourcecode.swift; path = GetStopDetailUseCase.swift; sourceTree = "<group>"; };
		DAAEEF642C31CC2400181ECD /* EmptyDataView.swift */ = {isa = PBXFileReference; fileEncoding = 4; lastKnownFileType = sourcecode.swift; path = EmptyDataView.swift; sourceTree = "<group>"; };
		DAAEEF682C31E16800181ECD /* StopInfoView.swift */ = {isa = PBXFileReference; lastKnownFileType = sourcecode.swift; path = StopInfoView.swift; sourceTree = "<group>"; };
		DAAEEF6A2C31E38800181ECD /* StopInfoViewSnapshotTests.swift */ = {isa = PBXFileReference; lastKnownFileType = sourcecode.swift; path = StopInfoViewSnapshotTests.swift; sourceTree = "<group>"; };
		DAAEEF6C2C31E4DE00181ECD /* GetStopDetailUseCaseImplementationUnitTests.swift */ = {isa = PBXFileReference; fileEncoding = 4; lastKnownFileType = sourcecode.swift; path = GetStopDetailUseCaseImplementationUnitTests.swift; sourceTree = "<group>"; };
		DAAEEF702C32B83C00181ECD /* ReportViewSnapshotTests.swift */ = {isa = PBXFileReference; fileEncoding = 4; lastKnownFileType = sourcecode.swift; path = ReportViewSnapshotTests.swift; sourceTree = "<group>"; };
		DACB36B82C45594600BC6264 /* GetTripsUseCaseImplementation.swift */ = {isa = PBXFileReference; lastKnownFileType = sourcecode.swift; path = GetTripsUseCaseImplementation.swift; sourceTree = "<group>"; };
		DACB36BA2C4559E700BC6264 /* GetStopDetailUseCaseImplementation.swift */ = {isa = PBXFileReference; lastKnownFileType = sourcecode.swift; path = GetStopDetailUseCaseImplementation.swift; sourceTree = "<group>"; };
		DACB36BC2C455A7000BC6264 /* MockGetTripsUseCase.swift */ = {isa = PBXFileReference; lastKnownFileType = sourcecode.swift; path = MockGetTripsUseCase.swift; sourceTree = "<group>"; };
		DACB36BE2C455ACC00BC6264 /* MockGetStopDetailUseCase.swift */ = {isa = PBXFileReference; lastKnownFileType = sourcecode.swift; path = MockGetStopDetailUseCase.swift; sourceTree = "<group>"; };
		DACB36C02C455CF500BC6264 /* SaveReportUseCaseImplementation.swift */ = {isa = PBXFileReference; lastKnownFileType = sourcecode.swift; path = SaveReportUseCaseImplementation.swift; sourceTree = "<group>"; };
		DACB36C22C455D3500BC6264 /* GetReportsUseCaseImplementation.swift */ = {isa = PBXFileReference; lastKnownFileType = sourcecode.swift; path = GetReportsUseCaseImplementation.swift; sourceTree = "<group>"; };
		DACB36C42C455DF800BC6264 /* MockSaveReportUseCase.swift */ = {isa = PBXFileReference; lastKnownFileType = sourcecode.swift; path = MockSaveReportUseCase.swift; sourceTree = "<group>"; };
		DACB36C62C455E3100BC6264 /* MockGetReportsUseCase.swift */ = {isa = PBXFileReference; lastKnownFileType = sourcecode.swift; path = MockGetReportsUseCase.swift; sourceTree = "<group>"; };
/* End PBXFileReference section */

/* Begin PBXFrameworksBuildPhase section */
		DAADE9562C2B276B00B1FA5B /* Frameworks */ = {
			isa = PBXFrameworksBuildPhase;
			buildActionMask = 2147483647;
			files = (
				DAAEEF6F2C32A30A00181ECD /* Polyline in Frameworks */,
				DAADE9F22C2D5B1700B1FA5B /* PreviewSnapshots in Frameworks */,
			);
			runOnlyForDeploymentPostprocessing = 0;
		};
		DAADE96C2C2B276C00B1FA5B /* Frameworks */ = {
			isa = PBXFrameworksBuildPhase;
			buildActionMask = 2147483647;
			files = (
				DAADEA032C2D944A00B1FA5B /* PreviewSnapshotsTesting in Frameworks */,
			);
			runOnlyForDeploymentPostprocessing = 0;
		};
/* End PBXFrameworksBuildPhase section */

/* Begin PBXGroup section */
		DAADE9502C2B276B00B1FA5B = {
			isa = PBXGroup;
			children = (
				DAADE95B2C2B276B00B1FA5B /* BusTrip */,
				DAADE9722C2B276C00B1FA5B /* BusTripTests */,
				DAADE95A2C2B276B00B1FA5B /* Products */,
				DAADEA012C2D944A00B1FA5B /* Frameworks */,
			);
			sourceTree = "<group>";
		};
		DAADE95A2C2B276B00B1FA5B /* Products */ = {
			isa = PBXGroup;
			children = (
				DAADE9592C2B276B00B1FA5B /* BusTrip.app */,
				DAADE96F2C2B276C00B1FA5B /* BusTripTests.xctest */,
			);
			name = Products;
			sourceTree = "<group>";
		};
		DAADE95B2C2B276B00B1FA5B /* BusTrip */ = {
			isa = PBXGroup;
			children = (
				DAAEEF202C2FF99000181ECD /* DataBase */,
				DAADE9EB2C2C6F4500B1FA5B /* Extensions */,
				DAADE9E02C2C582D00B1FA5B /* Views */,
				DAADE9DB2C2C577C00B1FA5B /* Scenes */,
				DAADE9D32C2C55F200B1FA5B /* UseCases */,
				DAADE9C12C2C27B700B1FA5B /* Network */,
				DAADE9BC2C2C25A700B1FA5B /* Repositories */,
				DAADE99D2C2C031900B1FA5B /* Enumerations */,
				DAADE98C2C2BFC3300B1FA5B /* Entities */,
				DAADE95C2C2B276B00B1FA5B /* BusTripApp.swift */,
				DAADE9652C2B276C00B1FA5B /* Assets.xcassets */,
				DAADE9672C2B276C00B1FA5B /* BusTrip.entitlements */,
				DAADE9682C2B276C00B1FA5B /* Preview Content */,
				DAADE9C62C2C288800B1FA5B /* Constants.swift */,
			);
			path = BusTrip;
			sourceTree = "<group>";
		};
		DAADE9682C2B276C00B1FA5B /* Preview Content */ = {
			isa = PBXGroup;
			children = (
				DAADE9692C2B276C00B1FA5B /* Preview Assets.xcassets */,
			);
			path = "Preview Content";
			sourceTree = "<group>";
		};
		DAADE9722C2B276C00B1FA5B /* BusTripTests */ = {
			isa = PBXGroup;
			children = (
				DAAEEF2F2C2FFDF300181ECD /* DataBase */,
				DAADE9FC2C2D940800B1FA5B /* Scenes */,
				DAADE9FB2C2D940800B1FA5B /* Views */,
				DAADE9D82C2C56B100B1FA5B /* UseCases */,
				DAADE9CC2C2C2A4A00B1FA5B /* Repositories */,
				DAADE9A02C2C05CD00B1FA5B /* Entities */,
				DAADE9A32C2C05CD00B1FA5B /* Mocks */,
			);
			path = BusTripTests;
			sourceTree = "<group>";
		};
		DAADE98C2C2BFC3300B1FA5B /* Entities */ = {
			isa = PBXGroup;
			children = (
				DAAEEF2A2C2FFB1E00181ECD /* DBEntities */,
				DAADE98D2C2BFC3300B1FA5B /* ServerEntities */,
				DAADE98E2C2BFC3300B1FA5B /* Entities */,
			);
			path = Entities;
			sourceTree = "<group>";
		};
		DAADE98D2C2BFC3300B1FA5B /* ServerEntities */ = {
			isa = PBXGroup;
			children = (
				DAAEEF602C31CBF200181ECD /* ServerStopDetail.swift */,
				DAADE98F2C2BFC4000B1FA5B /* ServerTrip.swift */,
				DAADE9912C2BFD6600B1FA5B /* ServerPoint.swift */,
				DAADE9932C2BFE1F00B1FA5B /* ServerStop.swift */,
				DAADE9952C2BFEA100B1FA5B /* ServerAddress.swift */,
			);
			path = ServerEntities;
			sourceTree = "<group>";
		};
		DAADE98E2C2BFC3300B1FA5B /* Entities */ = {
			isa = PBXGroup;
			children = (
				DAAEEF5E2C31CBE200181ECD /* StopDetail.swift */,
				DAADE9972C2C018E00B1FA5B /* Address.swift */,
				DAADE9992C2C025D00B1FA5B /* Stop.swift */,
				DAADE99B2C2C02B900B1FA5B /* Trip.swift */,
				DAAEEF282C2FFABF00181ECD /* Report.swift */,
			);
			path = Entities;
			sourceTree = "<group>";
		};
		DAADE99D2C2C031900B1FA5B /* Enumerations */ = {
			isa = PBXGroup;
			children = (
				DAADE99E2C2C033200B1FA5B /* Status.swift */,
				DAADE9C42C2C282600B1FA5B /* NetworkError.swift */,
			);
			path = Enumerations;
			sourceTree = "<group>";
		};
		DAADE9A02C2C05CD00B1FA5B /* Entities */ = {
			isa = PBXGroup;
			children = (
				DAAEEF382C3000FB00181ECD /* DBEntities */,
				DAADE9A12C2C05CD00B1FA5B /* ServerEntities */,
				DAADE9A22C2C05CD00B1FA5B /* Entities */,
			);
			path = Entities;
			sourceTree = "<group>";
		};
		DAADE9A12C2C05CD00B1FA5B /* ServerEntities */ = {
			isa = PBXGroup;
			children = (
				DAADE9AE2C2C0DE000B1FA5B /* ServerAddressUnitTests.swift */,
				DAADE9B02C2C171B00B1FA5B /* ServerPointUnitTests.swift */,
				DAADE9B22C2C188A00B1FA5B /* ServerStopUnitTests.swift */,
				DAADE9B42C2C192900B1FA5B /* ServerTripUnitTests.swift */,
			);
			path = ServerEntities;
			sourceTree = "<group>";
		};
		DAADE9A22C2C05CD00B1FA5B /* Entities */ = {
			isa = PBXGroup;
			children = (
				DAADE9B62C2C1B0A00B1FA5B /* AddressUnitTests.swift */,
				DAADE9B82C2C1BA100B1FA5B /* StopUnitTests.swift */,
				DAADE9BA2C2C1C1C00B1FA5B /* TripUnitTests.swift */,
				DAAEEF362C30004D00181ECD /* ReportUnitTests.swift */,
			);
			path = Entities;
			sourceTree = "<group>";
		};
		DAADE9A32C2C05CD00B1FA5B /* Mocks */ = {
			isa = PBXGroup;
			children = (
				DAADE9A42C2C062600B1FA5B /* PointMock.swift */,
				DAADE9A62C2C071100B1FA5B /* StopMock.swift */,
				DAADE9A82C2C083000B1FA5B /* AddressMock.swift */,
				DAADE9AA2C2C08F900B1FA5B /* TripMock.swift */,
				DAADE9CA2C2C2A3700B1FA5B /* URLProtocolMock.swift */,
				DAADE9D62C2C565D00B1FA5B /* MockTripRepository.swift */,
				DAAEEF342C2FFF6D00181ECD /* ReportMock.swift */,
				DACB36BC2C455A7000BC6264 /* MockGetTripsUseCase.swift */,
				DACB36BE2C455ACC00BC6264 /* MockGetStopDetailUseCase.swift */,
				DACB36C42C455DF800BC6264 /* MockSaveReportUseCase.swift */,
				DACB36C62C455E3100BC6264 /* MockGetReportsUseCase.swift */,
			);
			path = Mocks;
			sourceTree = "<group>";
		};
		DAADE9BC2C2C25A700B1FA5B /* Repositories */ = {
			isa = PBXGroup;
			children = (
				DAADE9BD2C2C25B300B1FA5B /* TripRepository.swift */,
				DAADE9BF2C2C25F500B1FA5B /* RemoteTripDataSource.swift */,
				DAADE9C82C2C292400B1FA5B /* TripRepositoryImplementation.swift */,
				DAAEEF3B2C30035D00181ECD /* LocalDataSource.swift */,
			);
			path = Repositories;
			sourceTree = "<group>";
		};
		DAADE9C12C2C27B700B1FA5B /* Network */ = {
			isa = PBXGroup;
			children = (
				DAADE9C22C2C27C100B1FA5B /* NetworkManager.swift */,
			);
			path = Network;
			sourceTree = "<group>";
		};
		DAADE9CC2C2C2A4A00B1FA5B /* Repositories */ = {
			isa = PBXGroup;
			children = (
				DAADE9CF2C2C2A7C00B1FA5B /* RemoteTripDataSourceUnitTests.swift */,
				DAADE9D12C2C4BA500B1FA5B /* TripRepositoryImplementationUnitTests.swift */,
			);
			path = Repositories;
			sourceTree = "<group>";
		};
		DAADE9D32C2C55F200B1FA5B /* UseCases */ = {
			isa = PBXGroup;
			children = (
				DAAEEF622C31CC0900181ECD /* GetStopDetailUseCase.swift */,
				DAADE9D42C2C55FE00B1FA5B /* GetTripsUseCase.swift */,
				DAAEEF3D2C3003FA00181ECD /* SaveReportUseCase.swift */,
				DAAEEF412C30086F00181ECD /* GetReportsUseCase.swift */,
				DACB36B82C45594600BC6264 /* GetTripsUseCaseImplementation.swift */,
				DACB36BA2C4559E700BC6264 /* GetStopDetailUseCaseImplementation.swift */,
				DACB36C02C455CF500BC6264 /* SaveReportUseCaseImplementation.swift */,
				DACB36C22C455D3500BC6264 /* GetReportsUseCaseImplementation.swift */,
			);
			path = UseCases;
			sourceTree = "<group>";
		};
		DAADE9D82C2C56B100B1FA5B /* UseCases */ = {
			isa = PBXGroup;
			children = (
				DAAEEF6C2C31E4DE00181ECD /* GetStopDetailUseCaseImplementationUnitTests.swift */,
				DAADE9D92C2C56C800B1FA5B /* GetTripsUseCaseImplementationUnitTests.swift */,
				DAAEEF3F2C30045700181ECD /* SaveReportUseCaseImplementationUnitTests.swift */,
				DAAEEF432C30092300181ECD /* GetReportsUseCaseImplementationUnitTests.swift */,
			);
			path = UseCases;
			sourceTree = "<group>";
		};
		DAADE9DB2C2C577C00B1FA5B /* Scenes */ = {
			isa = PBXGroup;
			children = (
				DAAEEF1B2C2F10E200181ECD /* Report */,
				DAADE9DF2C2C57FF00B1FA5B /* Preview */,
				DAADE9DC2C2C578F00B1FA5B /* TripList */,
			);
			path = Scenes;
			sourceTree = "<group>";
		};
		DAADE9DC2C2C578F00B1FA5B /* TripList */ = {
			isa = PBXGroup;
			children = (
				DAADE9DD2C2C579C00B1FA5B /* TripListView.swift */,
				DAADE9E52C2C5D7000B1FA5B /* TripListViewModel.swift */,
			);
			path = TripList;
			sourceTree = "<group>";
		};
		DAADE9DF2C2C57FF00B1FA5B /* Preview */ = {
			isa = PBXGroup;
			children = (
				DAADE9E32C2C594F00B1FA5B /* PreviewView.swift */,
			);
			path = Preview;
			sourceTree = "<group>";
		};
		DAADE9E02C2C582D00B1FA5B /* Views */ = {
			isa = PBXGroup;
			children = (
				DAAEEF642C31CC2400181ECD /* EmptyDataView.swift */,
				DAADE9E12C2C592100B1FA5B /* AppBackground.swift */,
				DAADE9E92C2C6A2B00B1FA5B /* TripCardView.swift */,
				DAADE9EE2C2CB86F00B1FA5B /* RoundedCornerShape.swift */,
				DAAEEF492C30107300181ECD /* ReportTextField.swift */,
				DAAEEF4B2C30189F00181ECD /* ReportTextFieldMultiline.swift */,
				DAAEEF4D2C30226300181ECD /* ReportDatePicker.swift */,
				DAAEEF682C31E16800181ECD /* StopInfoView.swift */,
			);
			path = Views;
			sourceTree = "<group>";
		};
		DAADE9EB2C2C6F4500B1FA5B /* Extensions */ = {
			isa = PBXGroup;
			children = (
				DAADE9EC2C2C6FB400B1FA5B /* DateFormatter+BusTrip.swift */,
				DAAEEF1E2C2F125500181ECD /* String+BusTrip.swift */,
			);
			path = Extensions;
			sourceTree = "<group>";
		};
		DAADE9FB2C2D940800B1FA5B /* Views */ = {
			isa = PBXGroup;
			children = (
				DAADEA042C2D955200B1FA5B /* TripCardViewSnapshotTests.swift */,
				DAAEEF532C31C2B600181ECD /* ReportTextFieldSnapshotTests.swift */,
				DAAEEF552C31C2C400181ECD /* ReportTextFieldMultilineSnapshotTests.swift */,
				DAAEEF572C31C2D200181ECD /* ReportDatePickerSnapshotTests.swift */,
				DAAEEF6A2C31E38800181ECD /* StopInfoViewSnapshotTests.swift */,
			);
			path = Views;
			sourceTree = "<group>";
		};
		DAADE9FC2C2D940800B1FA5B /* Scenes */ = {
			isa = PBXGroup;
			children = (
				DAAEEF592C31C4C500181ECD /* Report */,
				DAADE9FD2C2D940800B1FA5B /* TripList */,
				DAADE9FE2C2D940800B1FA5B /* Preview */,
			);
			path = Scenes;
			sourceTree = "<group>";
		};
		DAADE9FD2C2D940800B1FA5B /* TripList */ = {
			isa = PBXGroup;
			children = (
				DAAEEF052C2DB8FE00181ECD /* TripListViewModelUnitTests.swift */,
			);
			path = TripList;
			sourceTree = "<group>";
		};
		DAADE9FE2C2D940800B1FA5B /* Preview */ = {
			isa = PBXGroup;
			children = (
				DAADE9FF2C2D940800B1FA5B /* PreviewSnapshotTests.swift */,
			);
			path = Preview;
			sourceTree = "<group>";
		};
		DAADEA012C2D944A00B1FA5B /* Frameworks */ = {
			isa = PBXGroup;
			children = (
			);
			name = Frameworks;
			sourceTree = "<group>";
		};
		DAAEEF1B2C2F10E200181ECD /* Report */ = {
			isa = PBXGroup;
			children = (
				DAAEEF1C2C2F10ED00181ECD /* ReportViewModel.swift */,
				DAAEEF452C300B2000181ECD /* ReportView.swift */,
			);
			path = Report;
			sourceTree = "<group>";
		};
		DAAEEF202C2FF99000181ECD /* DataBase */ = {
			isa = PBXGroup;
			children = (
				DAAEEF212C2FF9A200181ECD /* Model.xcdatamodeld */,
				DAAEEF242C2FFA6500181ECD /* CoreDataStack.swift */,
				DAAEEF262C2FFA9900181ECD /* Persistence.swift */,
				DAAEEF2D2C2FFBD800181ECD /* DBManager.swift */,
			);
			path = DataBase;
			sourceTree = "<group>";
		};
		DAAEEF2A2C2FFB1E00181ECD /* DBEntities */ = {
			isa = PBXGroup;
			children = (
				DAAEEF2B2C2FFB2800181ECD /* DBReport.swift */,
			);
			path = DBEntities;
			sourceTree = "<group>";
		};
		DAAEEF2F2C2FFDF300181ECD /* DataBase */ = {
			isa = PBXGroup;
			children = (
				DAAEEF302C2FFE0000181ECD /* TestCoreDataStack.swift */,
				DAAEEF322C2FFE3B00181ECD /* DBManagerUnitTests.swift */,
			);
			path = DataBase;
			sourceTree = "<group>";
		};
		DAAEEF382C3000FB00181ECD /* DBEntities */ = {
			isa = PBXGroup;
			children = (
				DAAEEF392C30010B00181ECD /* DBPhoneUnitTests.swift */,
			);
			path = DBEntities;
			sourceTree = "<group>";
		};
		DAAEEF592C31C4C500181ECD /* Report */ = {
			isa = PBXGroup;
			children = (
				DAAEEF702C32B83C00181ECD /* ReportViewSnapshotTests.swift */,
				DAAEEF5A2C31C4D500181ECD /* ReportViewModelUnitTests.swift */,
			);
			path = Report;
			sourceTree = "<group>";
		};
/* End PBXGroup section */

/* Begin PBXNativeTarget section */
		DAADE9582C2B276B00B1FA5B /* BusTrip */ = {
			isa = PBXNativeTarget;
			buildConfigurationList = DAADE9832C2B276C00B1FA5B /* Build configuration list for PBXNativeTarget "BusTrip" */;
			buildPhases = (
				DAADE9552C2B276B00B1FA5B /* Sources */,
				DAADE9562C2B276B00B1FA5B /* Frameworks */,
				DAADE9572C2B276B00B1FA5B /* Resources */,
			);
			buildRules = (
			);
			dependencies = (
			);
			name = BusTrip;
			packageProductDependencies = (
				DAADE9F12C2D5B1700B1FA5B /* PreviewSnapshots */,
				DAAEEF6E2C32A30A00181ECD /* Polyline */,
			);
			productName = BusTrip;
			productReference = DAADE9592C2B276B00B1FA5B /* BusTrip.app */;
			productType = "com.apple.product-type.application";
		};
		DAADE96E2C2B276C00B1FA5B /* BusTripTests */ = {
			isa = PBXNativeTarget;
			buildConfigurationList = DAADE9862C2B276C00B1FA5B /* Build configuration list for PBXNativeTarget "BusTripTests" */;
			buildPhases = (
				DAADE96B2C2B276C00B1FA5B /* Sources */,
				DAADE96C2C2B276C00B1FA5B /* Frameworks */,
				DAADE96D2C2B276C00B1FA5B /* Resources */,
			);
			buildRules = (
			);
			dependencies = (
				DAADE9712C2B276C00B1FA5B /* PBXTargetDependency */,
			);
			name = BusTripTests;
			packageProductDependencies = (
				DAADEA022C2D944A00B1FA5B /* PreviewSnapshotsTesting */,
			);
			productName = BusTripTests;
			productReference = DAADE96F2C2B276C00B1FA5B /* BusTripTests.xctest */;
			productType = "com.apple.product-type.bundle.unit-test";
		};
/* End PBXNativeTarget section */

/* Begin PBXProject section */
		DAADE9512C2B276B00B1FA5B /* Project object */ = {
			isa = PBXProject;
			attributes = {
				BuildIndependentTargetsInParallel = 1;
				LastSwiftUpdateCheck = 1500;
				LastUpgradeCheck = 1500;
				TargetAttributes = {
					DAADE9582C2B276B00B1FA5B = {
						CreatedOnToolsVersion = 15.0.1;
					};
					DAADE96E2C2B276C00B1FA5B = {
						CreatedOnToolsVersion = 15.0.1;
						LastSwiftMigration = 1500;
						TestTargetID = DAADE9582C2B276B00B1FA5B;
					};
				};
			};
			buildConfigurationList = DAADE9542C2B276B00B1FA5B /* Build configuration list for PBXProject "BusTrip" */;
			compatibilityVersion = "Xcode 14.0";
			developmentRegion = en;
			hasScannedForEncodings = 0;
			knownRegions = (
				en,
				Base,
			);
			mainGroup = DAADE9502C2B276B00B1FA5B;
			packageReferences = (
				DAADE9F02C2D5B1700B1FA5B /* XCRemoteSwiftPackageReference "swiftui-preview-snapshots" */,
				DAAEEF022C2DADF300181ECD /* XCRemoteSwiftPackageReference "Polyline" */,
			);
			productRefGroup = DAADE95A2C2B276B00B1FA5B /* Products */;
			projectDirPath = "";
			projectRoot = "";
			targets = (
				DAADE9582C2B276B00B1FA5B /* BusTrip */,
				DAADE96E2C2B276C00B1FA5B /* BusTripTests */,
			);
		};
/* End PBXProject section */

/* Begin PBXResourcesBuildPhase section */
		DAADE9572C2B276B00B1FA5B /* Resources */ = {
			isa = PBXResourcesBuildPhase;
			buildActionMask = 2147483647;
			files = (
				DAADE96A2C2B276C00B1FA5B /* Preview Assets.xcassets in Resources */,
				DAADE9662C2B276C00B1FA5B /* Assets.xcassets in Resources */,
			);
			runOnlyForDeploymentPostprocessing = 0;
		};
		DAADE96D2C2B276C00B1FA5B /* Resources */ = {
			isa = PBXResourcesBuildPhase;
			buildActionMask = 2147483647;
			files = (
			);
			runOnlyForDeploymentPostprocessing = 0;
		};
/* End PBXResourcesBuildPhase section */

/* Begin PBXSourcesBuildPhase section */
		DAADE9552C2B276B00B1FA5B /* Sources */ = {
			isa = PBXSourcesBuildPhase;
			buildActionMask = 2147483647;
			files = (
				DACB36C12C455CF500BC6264 /* SaveReportUseCaseImplementation.swift in Sources */,
				DACB36C32C455D3500BC6264 /* GetReportsUseCaseImplementation.swift in Sources */,
				DAAEEF1D2C2F10ED00181ECD /* ReportViewModel.swift in Sources */,
				DAAEEF4E2C30226300181ECD /* ReportDatePicker.swift in Sources */,
				DAADE9D52C2C55FF00B1FA5B /* GetTripsUseCase.swift in Sources */,
				DAADE99C2C2C02B900B1FA5B /* Trip.swift in Sources */,
				DAAEEF692C31E16800181ECD /* StopInfoView.swift in Sources */,
				DAAEEF252C2FFA6500181ECD /* CoreDataStack.swift in Sources */,
				DAADE9C72C2C288800B1FA5B /* Constants.swift in Sources */,
				DAAEEF3E2C3003FA00181ECD /* SaveReportUseCase.swift in Sources */,
				DAAEEF422C30086F00181ECD /* GetReportsUseCase.swift in Sources */,
				DAAEEF2C2C2FFB2800181ECD /* DBReport.swift in Sources */,
				DAAEEF3C2C30035D00181ECD /* LocalDataSource.swift in Sources */,
				DAADE9E42C2C594F00B1FA5B /* PreviewView.swift in Sources */,
				DAAEEF2E2C2FFBD800181ECD /* DBManager.swift in Sources */,
				DAADE9C52C2C282600B1FA5B /* NetworkError.swift in Sources */,
				DAAEEF4A2C30107300181ECD /* ReportTextField.swift in Sources */,
				DAAEEF1F2C2F125500181ECD /* String+BusTrip.swift in Sources */,
				DAADE9982C2C018E00B1FA5B /* Address.swift in Sources */,
				DAADE9EF2C2CB86F00B1FA5B /* RoundedCornerShape.swift in Sources */,
				DAAEEF632C31CC0900181ECD /* GetStopDetailUseCase.swift in Sources */,
				DAADE9902C2BFC4000B1FA5B /* ServerTrip.swift in Sources */,
				DAAEEF4C2C30189F00181ECD /* ReportTextFieldMultiline.swift in Sources */,
				DAADE95D2C2B276B00B1FA5B /* BusTripApp.swift in Sources */,
				DAAEEF232C2FF9A200181ECD /* Model.xcdatamodeld in Sources */,
				DAAEEF462C300B2000181ECD /* ReportView.swift in Sources */,
				DAADE9962C2BFEA100B1FA5B /* ServerAddress.swift in Sources */,
				DAADE9922C2BFD6600B1FA5B /* ServerPoint.swift in Sources */,
				DAADE9E22C2C592100B1FA5B /* AppBackground.swift in Sources */,
				DAAEEF652C31CC2400181ECD /* EmptyDataView.swift in Sources */,
				DAAEEF612C31CBF200181ECD /* ServerStopDetail.swift in Sources */,
				DAADE99A2C2C025D00B1FA5B /* Stop.swift in Sources */,
				DAAEEF272C2FFA9900181ECD /* Persistence.swift in Sources */,
				DAADE9C02C2C25F500B1FA5B /* RemoteTripDataSource.swift in Sources */,
				DAADE9BE2C2C25B300B1FA5B /* TripRepository.swift in Sources */,
				DAADE9ED2C2C6FB400B1FA5B /* DateFormatter+BusTrip.swift in Sources */,
				DAADE9EA2C2C6A2B00B1FA5B /* TripCardView.swift in Sources */,
				DAADE9DE2C2C579C00B1FA5B /* TripListView.swift in Sources */,
				DAADE9E62C2C5D7000B1FA5B /* TripListViewModel.swift in Sources */,
				DAADE9C32C2C27C100B1FA5B /* NetworkManager.swift in Sources */,
				DAADE9942C2BFE1F00B1FA5B /* ServerStop.swift in Sources */,
				DACB36B92C45594600BC6264 /* GetTripsUseCaseImplementation.swift in Sources */,
				DAADE9C92C2C292400B1FA5B /* TripRepositoryImplementation.swift in Sources */,
				DACB36BB2C4559E700BC6264 /* GetStopDetailUseCaseImplementation.swift in Sources */,
				DAADE99F2C2C033200B1FA5B /* Status.swift in Sources */,
				DAAEEF292C2FFABF00181ECD /* Report.swift in Sources */,
				DAAEEF5F2C31CBE200181ECD /* StopDetail.swift in Sources */,
			);
			runOnlyForDeploymentPostprocessing = 0;
		};
		DAADE96B2C2B276C00B1FA5B /* Sources */ = {
			isa = PBXSourcesBuildPhase;
			buildActionMask = 2147483647;
			files = (
				DAADE9B72C2C1B0A00B1FA5B /* AddressUnitTests.swift in Sources */,
				DAAEEF352C2FFF6D00181ECD /* ReportMock.swift in Sources */,
				DAADE9AF2C2C0DE000B1FA5B /* ServerAddressUnitTests.swift in Sources */,
				DAADE9D22C2C4BA500B1FA5B /* TripRepositoryImplementationUnitTests.swift in Sources */,
				DAAEEF3A2C30010B00181ECD /* DBPhoneUnitTests.swift in Sources */,
				DAAEEF372C30004D00181ECD /* ReportUnitTests.swift in Sources */,
				DAAEEF542C31C2B600181ECD /* ReportTextFieldSnapshotTests.swift in Sources */,
				DACB36BD2C455A7000BC6264 /* MockGetTripsUseCase.swift in Sources */,
				DAAEEF062C2DB8FE00181ECD /* TripListViewModelUnitTests.swift in Sources */,
				DAADE9B32C2C188A00B1FA5B /* ServerStopUnitTests.swift in Sources */,
				DAAEEF6D2C31E4DE00181ECD /* GetStopDetailUseCaseImplementationUnitTests.swift in Sources */,
				DAADEA002C2D940800B1FA5B /* PreviewSnapshotTests.swift in Sources */,
				DAAEEF6B2C31E38800181ECD /* StopInfoViewSnapshotTests.swift in Sources */,
				DAADE9BB2C2C1C1C00B1FA5B /* TripUnitTests.swift in Sources */,
				DAADE9B12C2C171B00B1FA5B /* ServerPointUnitTests.swift in Sources */,
				DAADE9A52C2C062600B1FA5B /* PointMock.swift in Sources */,
				DAAEEF402C30045700181ECD /* SaveReportUseCaseImplementationUnitTests.swift in Sources */,
				DAADE9DA2C2C56C800B1FA5B /* GetTripsUseCaseImplementationUnitTests.swift in Sources */,
				DAAEEF332C2FFE3B00181ECD /* DBManagerUnitTests.swift in Sources */,
				DACB36BF2C455ACC00BC6264 /* MockGetStopDetailUseCase.swift in Sources */,
				DACB36C52C455DF800BC6264 /* MockSaveReportUseCase.swift in Sources */,
				DAADE9B92C2C1BA100B1FA5B /* StopUnitTests.swift in Sources */,
				DAAEEF562C31C2C400181ECD /* ReportTextFieldMultilineSnapshotTests.swift in Sources */,
				DAAEEF5B2C31C4D500181ECD /* ReportViewModelUnitTests.swift in Sources */,
				DAAEEF442C30092300181ECD /* GetReportsUseCaseImplementationUnitTests.swift in Sources */,
				DAAEEF312C2FFE0000181ECD /* TestCoreDataStack.swift in Sources */,
				DAADE9CB2C2C2A3700B1FA5B /* URLProtocolMock.swift in Sources */,
				DAADE9A92C2C083000B1FA5B /* AddressMock.swift in Sources */,
				DACB36C72C455E3100BC6264 /* MockGetReportsUseCase.swift in Sources */,
				DAADE9D72C2C565D00B1FA5B /* MockTripRepository.swift in Sources */,
				DAAEEF582C31C2D200181ECD /* ReportDatePickerSnapshotTests.swift in Sources */,
				DAADEA052C2D955200B1FA5B /* TripCardViewSnapshotTests.swift in Sources */,
				DAADE9B52C2C192900B1FA5B /* ServerTripUnitTests.swift in Sources */,
				DAADE9D02C2C2A7C00B1FA5B /* RemoteTripDataSourceUnitTests.swift in Sources */,
				DAADE9AB2C2C08F900B1FA5B /* TripMock.swift in Sources */,
				DAAEEF712C32B83C00181ECD /* ReportViewSnapshotTests.swift in Sources */,
				DAADE9A72C2C071100B1FA5B /* StopMock.swift in Sources */,
			);
			runOnlyForDeploymentPostprocessing = 0;
		};
/* End PBXSourcesBuildPhase section */

/* Begin PBXTargetDependency section */
		DAADE9712C2B276C00B1FA5B /* PBXTargetDependency */ = {
			isa = PBXTargetDependency;
			target = DAADE9582C2B276B00B1FA5B /* BusTrip */;
			targetProxy = DAADE9702C2B276C00B1FA5B /* PBXContainerItemProxy */;
		};
/* End PBXTargetDependency section */

/* Begin XCBuildConfiguration section */
		DAADE9812C2B276C00B1FA5B /* Debug */ = {
			isa = XCBuildConfiguration;
			buildSettings = {
				ALWAYS_SEARCH_USER_PATHS = NO;
				ASSETCATALOG_COMPILER_GENERATE_SWIFT_ASSET_SYMBOL_EXTENSIONS = YES;
				CLANG_ANALYZER_NONNULL = YES;
				CLANG_ANALYZER_NUMBER_OBJECT_CONVERSION = YES_AGGRESSIVE;
				CLANG_CXX_LANGUAGE_STANDARD = "gnu++20";
				CLANG_ENABLE_MODULES = YES;
				CLANG_ENABLE_OBJC_ARC = YES;
				CLANG_ENABLE_OBJC_WEAK = YES;
				CLANG_WARN_BLOCK_CAPTURE_AUTORELEASING = YES;
				CLANG_WARN_BOOL_CONVERSION = YES;
				CLANG_WARN_COMMA = YES;
				CLANG_WARN_CONSTANT_CONVERSION = YES;
				CLANG_WARN_DEPRECATED_OBJC_IMPLEMENTATIONS = YES;
				CLANG_WARN_DIRECT_OBJC_ISA_USAGE = YES_ERROR;
				CLANG_WARN_DOCUMENTATION_COMMENTS = YES;
				CLANG_WARN_EMPTY_BODY = YES;
				CLANG_WARN_ENUM_CONVERSION = YES;
				CLANG_WARN_INFINITE_RECURSION = YES;
				CLANG_WARN_INT_CONVERSION = YES;
				CLANG_WARN_NON_LITERAL_NULL_CONVERSION = YES;
				CLANG_WARN_OBJC_IMPLICIT_RETAIN_SELF = YES;
				CLANG_WARN_OBJC_LITERAL_CONVERSION = YES;
				CLANG_WARN_OBJC_ROOT_CLASS = YES_ERROR;
				CLANG_WARN_QUOTED_INCLUDE_IN_FRAMEWORK_HEADER = YES;
				CLANG_WARN_RANGE_LOOP_ANALYSIS = YES;
				CLANG_WARN_STRICT_PROTOTYPES = YES;
				CLANG_WARN_SUSPICIOUS_MOVE = YES;
				CLANG_WARN_UNGUARDED_AVAILABILITY = YES_AGGRESSIVE;
				CLANG_WARN_UNREACHABLE_CODE = YES;
				CLANG_WARN__DUPLICATE_METHOD_MATCH = YES;
				COPY_PHASE_STRIP = NO;
				DEBUG_INFORMATION_FORMAT = dwarf;
				ENABLE_STRICT_OBJC_MSGSEND = YES;
				ENABLE_TESTABILITY = YES;
				ENABLE_USER_SCRIPT_SANDBOXING = YES;
				GCC_C_LANGUAGE_STANDARD = gnu17;
				GCC_DYNAMIC_NO_PIC = NO;
				GCC_NO_COMMON_BLOCKS = YES;
				GCC_OPTIMIZATION_LEVEL = 0;
				GCC_PREPROCESSOR_DEFINITIONS = (
					"DEBUG=1",
					"$(inherited)",
				);
				GCC_WARN_64_TO_32_BIT_CONVERSION = YES;
				GCC_WARN_ABOUT_RETURN_TYPE = YES_ERROR;
				GCC_WARN_UNDECLARED_SELECTOR = YES;
				GCC_WARN_UNINITIALIZED_AUTOS = YES_AGGRESSIVE;
				GCC_WARN_UNUSED_FUNCTION = YES;
				GCC_WARN_UNUSED_VARIABLE = YES;
				IPHONEOS_DEPLOYMENT_TARGET = 17.0;
				LOCALIZATION_PREFERS_STRING_CATALOGS = YES;
				MTL_ENABLE_DEBUG_INFO = INCLUDE_SOURCE;
				MTL_FAST_MATH = YES;
				ONLY_ACTIVE_ARCH = YES;
				SWIFT_ACTIVE_COMPILATION_CONDITIONS = "DEBUG $(inherited)";
				SWIFT_OPTIMIZATION_LEVEL = "-Onone";
			};
			name = Debug;
		};
		DAADE9822C2B276C00B1FA5B /* Release */ = {
			isa = XCBuildConfiguration;
			buildSettings = {
				ALWAYS_SEARCH_USER_PATHS = NO;
				ASSETCATALOG_COMPILER_GENERATE_SWIFT_ASSET_SYMBOL_EXTENSIONS = YES;
				CLANG_ANALYZER_NONNULL = YES;
				CLANG_ANALYZER_NUMBER_OBJECT_CONVERSION = YES_AGGRESSIVE;
				CLANG_CXX_LANGUAGE_STANDARD = "gnu++20";
				CLANG_ENABLE_MODULES = YES;
				CLANG_ENABLE_OBJC_ARC = YES;
				CLANG_ENABLE_OBJC_WEAK = YES;
				CLANG_WARN_BLOCK_CAPTURE_AUTORELEASING = YES;
				CLANG_WARN_BOOL_CONVERSION = YES;
				CLANG_WARN_COMMA = YES;
				CLANG_WARN_CONSTANT_CONVERSION = YES;
				CLANG_WARN_DEPRECATED_OBJC_IMPLEMENTATIONS = YES;
				CLANG_WARN_DIRECT_OBJC_ISA_USAGE = YES_ERROR;
				CLANG_WARN_DOCUMENTATION_COMMENTS = YES;
				CLANG_WARN_EMPTY_BODY = YES;
				CLANG_WARN_ENUM_CONVERSION = YES;
				CLANG_WARN_INFINITE_RECURSION = YES;
				CLANG_WARN_INT_CONVERSION = YES;
				CLANG_WARN_NON_LITERAL_NULL_CONVERSION = YES;
				CLANG_WARN_OBJC_IMPLICIT_RETAIN_SELF = YES;
				CLANG_WARN_OBJC_LITERAL_CONVERSION = YES;
				CLANG_WARN_OBJC_ROOT_CLASS = YES_ERROR;
				CLANG_WARN_QUOTED_INCLUDE_IN_FRAMEWORK_HEADER = YES;
				CLANG_WARN_RANGE_LOOP_ANALYSIS = YES;
				CLANG_WARN_STRICT_PROTOTYPES = YES;
				CLANG_WARN_SUSPICIOUS_MOVE = YES;
				CLANG_WARN_UNGUARDED_AVAILABILITY = YES_AGGRESSIVE;
				CLANG_WARN_UNREACHABLE_CODE = YES;
				CLANG_WARN__DUPLICATE_METHOD_MATCH = YES;
				COPY_PHASE_STRIP = NO;
				DEBUG_INFORMATION_FORMAT = "dwarf-with-dsym";
				ENABLE_NS_ASSERTIONS = NO;
				ENABLE_STRICT_OBJC_MSGSEND = YES;
				ENABLE_USER_SCRIPT_SANDBOXING = YES;
				GCC_C_LANGUAGE_STANDARD = gnu17;
				GCC_NO_COMMON_BLOCKS = YES;
				GCC_WARN_64_TO_32_BIT_CONVERSION = YES;
				GCC_WARN_ABOUT_RETURN_TYPE = YES_ERROR;
				GCC_WARN_UNDECLARED_SELECTOR = YES;
				GCC_WARN_UNINITIALIZED_AUTOS = YES_AGGRESSIVE;
				GCC_WARN_UNUSED_FUNCTION = YES;
				GCC_WARN_UNUSED_VARIABLE = YES;
				IPHONEOS_DEPLOYMENT_TARGET = 17.0;
				LOCALIZATION_PREFERS_STRING_CATALOGS = YES;
				MTL_ENABLE_DEBUG_INFO = NO;
				MTL_FAST_MATH = YES;
				SWIFT_COMPILATION_MODE = wholemodule;
			};
			name = Release;
		};
		DAADE9842C2B276C00B1FA5B /* Debug */ = {
			isa = XCBuildConfiguration;
			buildSettings = {
				ASSETCATALOG_COMPILER_APPICON_NAME = AppIcon;
				ASSETCATALOG_COMPILER_GLOBAL_ACCENT_COLOR_NAME = AccentColor;
				CODE_SIGN_ENTITLEMENTS = BusTrip/BusTrip.entitlements;
				CODE_SIGN_STYLE = Automatic;
				CURRENT_PROJECT_VERSION = 1;
				DEVELOPMENT_ASSET_PATHS = "\"BusTrip/Preview Content\"";
				ENABLE_PREVIEWS = YES;
				GENERATE_INFOPLIST_FILE = YES;
				"INFOPLIST_KEY_UIApplicationSceneManifest_Generation[sdk=iphoneos*]" = YES;
				"INFOPLIST_KEY_UIApplicationSceneManifest_Generation[sdk=iphonesimulator*]" = YES;
				"INFOPLIST_KEY_UIApplicationSupportsIndirectInputEvents[sdk=iphoneos*]" = YES;
				"INFOPLIST_KEY_UIApplicationSupportsIndirectInputEvents[sdk=iphonesimulator*]" = YES;
				"INFOPLIST_KEY_UILaunchScreen_Generation[sdk=iphoneos*]" = YES;
				"INFOPLIST_KEY_UILaunchScreen_Generation[sdk=iphonesimulator*]" = YES;
				"INFOPLIST_KEY_UIStatusBarStyle[sdk=iphoneos*]" = UIStatusBarStyleDefault;
				"INFOPLIST_KEY_UIStatusBarStyle[sdk=iphonesimulator*]" = UIStatusBarStyleDefault;
				INFOPLIST_KEY_UISupportedInterfaceOrientations = UIInterfaceOrientationPortrait;
				INFOPLIST_KEY_UISupportedInterfaceOrientations_iPad = "UIInterfaceOrientationLandscapeLeft UIInterfaceOrientationLandscapeRight UIInterfaceOrientationPortrait UIInterfaceOrientationPortraitUpsideDown";
				IPHONEOS_DEPLOYMENT_TARGET = 17.0;
				LD_RUNPATH_SEARCH_PATHS = "@executable_path/Frameworks";
				"LD_RUNPATH_SEARCH_PATHS[sdk=macosx*]" = "@executable_path/../Frameworks";
				MACOSX_DEPLOYMENT_TARGET = 14.0;
				MARKETING_VERSION = 1.0;
				PRODUCT_BUNDLE_IDENTIFIER = com.xramos.BusTrip;
				PRODUCT_NAME = "$(TARGET_NAME)";
				SDKROOT = auto;
				SUPPORTED_PLATFORMS = "iphoneos iphonesimulator";
				SUPPORTS_MACCATALYST = NO;
				SWIFT_EMIT_LOC_STRINGS = YES;
				SWIFT_VERSION = 5.0;
				TARGETED_DEVICE_FAMILY = 1;
			};
			name = Debug;
		};
		DAADE9852C2B276C00B1FA5B /* Release */ = {
			isa = XCBuildConfiguration;
			buildSettings = {
				ASSETCATALOG_COMPILER_APPICON_NAME = AppIcon;
				ASSETCATALOG_COMPILER_GLOBAL_ACCENT_COLOR_NAME = AccentColor;
				CODE_SIGN_ENTITLEMENTS = BusTrip/BusTrip.entitlements;
				CODE_SIGN_STYLE = Automatic;
				CURRENT_PROJECT_VERSION = 1;
				DEVELOPMENT_ASSET_PATHS = "\"BusTrip/Preview Content\"";
				ENABLE_PREVIEWS = YES;
				GENERATE_INFOPLIST_FILE = YES;
				"INFOPLIST_KEY_UIApplicationSceneManifest_Generation[sdk=iphoneos*]" = YES;
				"INFOPLIST_KEY_UIApplicationSceneManifest_Generation[sdk=iphonesimulator*]" = YES;
				"INFOPLIST_KEY_UIApplicationSupportsIndirectInputEvents[sdk=iphoneos*]" = YES;
				"INFOPLIST_KEY_UIApplicationSupportsIndirectInputEvents[sdk=iphonesimulator*]" = YES;
				"INFOPLIST_KEY_UILaunchScreen_Generation[sdk=iphoneos*]" = YES;
				"INFOPLIST_KEY_UILaunchScreen_Generation[sdk=iphonesimulator*]" = YES;
				"INFOPLIST_KEY_UIStatusBarStyle[sdk=iphoneos*]" = UIStatusBarStyleDefault;
				"INFOPLIST_KEY_UIStatusBarStyle[sdk=iphonesimulator*]" = UIStatusBarStyleDefault;
				INFOPLIST_KEY_UISupportedInterfaceOrientations = UIInterfaceOrientationPortrait;
				INFOPLIST_KEY_UISupportedInterfaceOrientations_iPad = "UIInterfaceOrientationLandscapeLeft UIInterfaceOrientationLandscapeRight UIInterfaceOrientationPortrait UIInterfaceOrientationPortraitUpsideDown";
				IPHONEOS_DEPLOYMENT_TARGET = 17.0;
				LD_RUNPATH_SEARCH_PATHS = "@executable_path/Frameworks";
				"LD_RUNPATH_SEARCH_PATHS[sdk=macosx*]" = "@executable_path/../Frameworks";
				MACOSX_DEPLOYMENT_TARGET = 14.0;
				MARKETING_VERSION = 1.0;
				PRODUCT_BUNDLE_IDENTIFIER = com.xramos.BusTrip;
				PRODUCT_NAME = "$(TARGET_NAME)";
				SDKROOT = auto;
				SUPPORTED_PLATFORMS = "iphoneos iphonesimulator";
				SUPPORTS_MACCATALYST = NO;
				SWIFT_EMIT_LOC_STRINGS = YES;
				SWIFT_VERSION = 5.0;
				TARGETED_DEVICE_FAMILY = 1;
			};
			name = Release;
		};
		DAADE9872C2B276C00B1FA5B /* Debug */ = {
			isa = XCBuildConfiguration;
			buildSettings = {
				ALWAYS_EMBED_SWIFT_STANDARD_LIBRARIES = YES;
				BUNDLE_LOADER = "$(TEST_HOST)";
				CLANG_ENABLE_MODULES = YES;
				CODE_SIGN_STYLE = Automatic;
				CURRENT_PROJECT_VERSION = 1;
				GENERATE_INFOPLIST_FILE = YES;
				IPHONEOS_DEPLOYMENT_TARGET = 17.0;
				MACOSX_DEPLOYMENT_TARGET = 14.0;
				MARKETING_VERSION = 1.0;
				PRODUCT_BUNDLE_IDENTIFIER = com.xramos.BusTripTests;
				PRODUCT_NAME = "$(TARGET_NAME)";
				SDKROOT = auto;
				SUPPORTED_PLATFORMS = "iphoneos iphonesimulator macosx";
				SWIFT_EMIT_LOC_STRINGS = NO;
				SWIFT_OPTIMIZATION_LEVEL = "-Onone";
				SWIFT_VERSION = 5.0;
				TARGETED_DEVICE_FAMILY = "1,2";
				TEST_HOST = "$(BUILT_PRODUCTS_DIR)/BusTrip.app/$(BUNDLE_EXECUTABLE_FOLDER_PATH)/BusTrip";
			};
			name = Debug;
		};
		DAADE9882C2B276C00B1FA5B /* Release */ = {
			isa = XCBuildConfiguration;
			buildSettings = {
				ALWAYS_EMBED_SWIFT_STANDARD_LIBRARIES = YES;
				BUNDLE_LOADER = "$(TEST_HOST)";
				CLANG_ENABLE_MODULES = YES;
				CODE_SIGN_STYLE = Automatic;
				CURRENT_PROJECT_VERSION = 1;
				GENERATE_INFOPLIST_FILE = YES;
				IPHONEOS_DEPLOYMENT_TARGET = 17.0;
				MACOSX_DEPLOYMENT_TARGET = 14.0;
				MARKETING_VERSION = 1.0;
				PRODUCT_BUNDLE_IDENTIFIER = com.xramos.BusTripTests;
				PRODUCT_NAME = "$(TARGET_NAME)";
				SDKROOT = auto;
				SUPPORTED_PLATFORMS = "iphoneos iphonesimulator macosx";
				SWIFT_EMIT_LOC_STRINGS = NO;
				SWIFT_VERSION = 5.0;
				TARGETED_DEVICE_FAMILY = "1,2";
				TEST_HOST = "$(BUILT_PRODUCTS_DIR)/BusTrip.app/$(BUNDLE_EXECUTABLE_FOLDER_PATH)/BusTrip";
			};
			name = Release;
		};
/* End XCBuildConfiguration section */

/* Begin XCConfigurationList section */
		DAADE9542C2B276B00B1FA5B /* Build configuration list for PBXProject "BusTrip" */ = {
			isa = XCConfigurationList;
			buildConfigurations = (
				DAADE9812C2B276C00B1FA5B /* Debug */,
				DAADE9822C2B276C00B1FA5B /* Release */,
			);
			defaultConfigurationIsVisible = 0;
			defaultConfigurationName = Release;
		};
		DAADE9832C2B276C00B1FA5B /* Build configuration list for PBXNativeTarget "BusTrip" */ = {
			isa = XCConfigurationList;
			buildConfigurations = (
				DAADE9842C2B276C00B1FA5B /* Debug */,
				DAADE9852C2B276C00B1FA5B /* Release */,
			);
			defaultConfigurationIsVisible = 0;
			defaultConfigurationName = Release;
		};
		DAADE9862C2B276C00B1FA5B /* Build configuration list for PBXNativeTarget "BusTripTests" */ = {
			isa = XCConfigurationList;
			buildConfigurations = (
				DAADE9872C2B276C00B1FA5B /* Debug */,
				DAADE9882C2B276C00B1FA5B /* Release */,
			);
			defaultConfigurationIsVisible = 0;
			defaultConfigurationName = Release;
		};
/* End XCConfigurationList section */

/* Begin XCRemoteSwiftPackageReference section */
		DAADE9F02C2D5B1700B1FA5B /* XCRemoteSwiftPackageReference "swiftui-preview-snapshots" */ = {
			isa = XCRemoteSwiftPackageReference;
			repositoryURL = "https://github.com/doordash-oss/swiftui-preview-snapshots";
			requirement = {
				kind = exactVersion;
				version = 1.0.0;
			};
		};
		DAAEEF022C2DADF300181ECD /* XCRemoteSwiftPackageReference "Polyline" */ = {
			isa = XCRemoteSwiftPackageReference;
			repositoryURL = "https://github.com/raphaelmor/Polyline";
			requirement = {
				kind = upToNextMajorVersion;
				minimumVersion = 5.0.2;
			};
		};
/* End XCRemoteSwiftPackageReference section */

/* Begin XCSwiftPackageProductDependency section */
		DAADE9F12C2D5B1700B1FA5B /* PreviewSnapshots */ = {
			isa = XCSwiftPackageProductDependency;
			package = DAADE9F02C2D5B1700B1FA5B /* XCRemoteSwiftPackageReference "swiftui-preview-snapshots" */;
			productName = PreviewSnapshots;
		};
		DAADEA022C2D944A00B1FA5B /* PreviewSnapshotsTesting */ = {
			isa = XCSwiftPackageProductDependency;
			package = DAADE9F02C2D5B1700B1FA5B /* XCRemoteSwiftPackageReference "swiftui-preview-snapshots" */;
			productName = PreviewSnapshotsTesting;
		};
		DAAEEF6E2C32A30A00181ECD /* Polyline */ = {
			isa = XCSwiftPackageProductDependency;
			package = DAAEEF022C2DADF300181ECD /* XCRemoteSwiftPackageReference "Polyline" */;
			productName = Polyline;
		};
/* End XCSwiftPackageProductDependency section */

/* Begin XCVersionGroup section */
		DAAEEF212C2FF9A200181ECD /* Model.xcdatamodeld */ = {
			isa = XCVersionGroup;
			children = (
				DAAEEF222C2FF9A200181ECD /* Model.xcdatamodel */,
			);
			currentVersion = DAAEEF222C2FF9A200181ECD /* Model.xcdatamodel */;
			path = Model.xcdatamodeld;
			sourceTree = "<group>";
			versionGroupType = wrapper.xcdatamodel;
		};
/* End XCVersionGroup section */
	};
	rootObject = DAADE9512C2B276B00B1FA5B /* Project object */;
}
